
Microsoft Visual Studio Solution File, Format Version 12.00
# Visual Studio Version 17
VisualStudioVersion = 17.7.34024.191
MinimumVisualStudioVersion = 10.0.40219.1
Project("{FAE04EC0-301F-11D3-BF4B-00C04F79EFBC}") = "torping", "torping.csproj", "{02261580-B925-4D6F-82BB-265CD5E43538}"
EndProject
Global
	GlobalSection(SolutionConfigurationPlatforms) = preSolution
		Debug|Any CPU = Debug|Any CPU
		Release|Any CPU = Release|Any CPU
	EndGlobalSection
	GlobalSection(ProjectConfigurationPlatforms) = postSolution
		{02261580-B925-4D6F-82BB-265CD5E43538}.Debug|Any CPU.ActiveCfg = Debug|Any CPU
		{02261580-B925-4D6F-82BB-265CD5E43538}.Debug|Any CPU.Build.0 = Debug|Any CPU
		{02261580-B925-4D6F-82BB-265CD5E43538}.Release|Any CPU.ActiveCfg = Release|Any CPU
		{02261580-B925-4D6F-82BB-265CD5E43538}.Release|Any CPU.Build.0 = Release|Any CPU
	EndGlobalSection
	GlobalSection(SolutionProperties) = preSolution
		HideSolutionNode = FALSE
	EndGlobalSection
	GlobalSection(ExtensibilityGlobals) = postSolution
		SolutionGuid = {AE945774-D6D6-411B-A740-997FA88B5F76}
	EndGlobalSection
EndGlobal
